
Microsoft Visual Studio Solution File, Format Version 12.00
# Visual Studio Version 17
VisualStudioVersion = 17.12.35514.174
MinimumVisualStudioVersion = 10.0.40219.1
Project("{FAE04EC0-301F-11D3-BF4B-00C04F79EFBC}") = "LeaveManagementSystemTW.MVC", "LeaveManagementSystemTW.MVC\LeaveManagementSystemTW.MVC.csproj", "{14DE63AF-5DAC-4189-8999-FB6A85F7D570}"
EndProject
Project("{FAE04EC0-301F-11D3-BF4B-00C04F79EFBC}") = "LeaveManagementSystem.Data", "LeaveManagementSystem.Data\LeaveManagementSystem.Data.csproj", "{D221671A-506C-4B69-A341-C249D6C759A7}"
EndProject
Project("{FAE04EC0-301F-11D3-BF4B-00C04F79EFBC}") = "LeaveManagementSystem.Domain", "LeaveManagementSystem.Domain\LeaveManagementSystem.Domain.csproj", "{78B30965-DA2F-4E2B-8E70-29DBE989320D}"
EndProject
Project("{FAE04EC0-301F-11D3-BF4B-00C04F79EFBC}") = "LeaveManagementSystemTW.Services", "LeaveManagementSystemTW.Services\LeaveManagementSystemTW.Services.csproj", "{DF40DCE3-7CFB-4A95-84E6-BA84362D3738}"
EndProject
Project("{FAE04EC0-301F-11D3-BF4B-00C04F79EFBC}") = "LeaveManagementSystemTW.Security.Data", "LeaveManagementSystemTW.Security.Data\LeaveManagementSystemTW.Security.Data.csproj", "{C9F5C796-1D70-4593-A76D-ACD7B3B7A41A}"
EndProject
Global
	GlobalSection(SolutionConfigurationPlatforms) = preSolution
		Debug|Any CPU = Debug|Any CPU
		Release|Any CPU = Release|Any CPU
	EndGlobalSection
	GlobalSection(ProjectConfigurationPlatforms) = postSolution
		{14DE63AF-5DAC-4189-8999-FB6A85F7D570}.Debug|Any CPU.ActiveCfg = Debug|Any CPU
		{14DE63AF-5DAC-4189-8999-FB6A85F7D570}.Debug|Any CPU.Build.0 = Debug|Any CPU
		{14DE63AF-5DAC-4189-8999-FB6A85F7D570}.Release|Any CPU.ActiveCfg = Release|Any CPU
		{14DE63AF-5DAC-4189-8999-FB6A85F7D570}.Release|Any CPU.Build.0 = Release|Any CPU
		{D221671A-506C-4B69-A341-C249D6C759A7}.Debug|Any CPU.ActiveCfg = Debug|Any CPU
		{D221671A-506C-4B69-A341-C249D6C759A7}.Debug|Any CPU.Build.0 = Debug|Any CPU
		{D221671A-506C-4B69-A341-C249D6C759A7}.Release|Any CPU.ActiveCfg = Release|Any CPU
		{D221671A-506C-4B69-A341-C249D6C759A7}.Release|Any CPU.Build.0 = Release|Any CPU
		{78B30965-DA2F-4E2B-8E70-29DBE989320D}.Debug|Any CPU.ActiveCfg = Debug|Any CPU
		{78B30965-DA2F-4E2B-8E70-29DBE989320D}.Debug|Any CPU.Build.0 = Debug|Any CPU
		{78B30965-DA2F-4E2B-8E70-29DBE989320D}.Release|Any CPU.ActiveCfg = Release|Any CPU
		{78B30965-DA2F-4E2B-8E70-29DBE989320D}.Release|Any CPU.Build.0 = Release|Any CPU
		{DF40DCE3-7CFB-4A95-84E6-BA84362D3738}.Debug|Any CPU.ActiveCfg = Debug|Any CPU
		{DF40DCE3-7CFB-4A95-84E6-BA84362D3738}.Debug|Any CPU.Build.0 = Debug|Any CPU
		{DF40DCE3-7CFB-4A95-84E6-BA84362D3738}.Release|Any CPU.ActiveCfg = Release|Any CPU
		{DF40DCE3-7CFB-4A95-84E6-BA84362D3738}.Release|Any CPU.Build.0 = Release|Any CPU
		{C9F5C796-1D70-4593-A76D-ACD7B3B7A41A}.Debug|Any CPU.ActiveCfg = Debug|Any CPU
		{C9F5C796-1D70-4593-A76D-ACD7B3B7A41A}.Debug|Any CPU.Build.0 = Debug|Any CPU
		{C9F5C796-1D70-4593-A76D-ACD7B3B7A41A}.Release|Any CPU.ActiveCfg = Release|Any CPU
		{C9F5C796-1D70-4593-A76D-ACD7B3B7A41A}.Release|Any CPU.Build.0 = Release|Any CPU
	EndGlobalSection
	GlobalSection(SolutionProperties) = preSolution
		HideSolutionNode = FALSE
	EndGlobalSection
EndGlobal
